# This file is automatically @generated by Cargo.
# It is not intended for manual editing.
version = 4

[[package]]
name = "pace-ast"
version = "0.1.0"

[[package]]
name = "pace-codegen"
version = "0.1.0"

[[package]]
name = "pace-driver"
version = "0.1.0"

[[package]]
name = "pace-errors"
version = "0.1.0"

[[package]]
name = "pace-hir"
version = "0.1.0"

[[package]]
name = "pace-lexer"
version = "0.1.0"

[[package]]
name = "pace-lsp"
version = "0.1.0"

[[package]]
name = "pace-mir"
version = "0.1.0"

[[package]]
name = "pace-parser"
version = "0.1.0"

[[package]]
name = "pace-pkg"
version = "0.1.0"

[[package]]
name = "pace-span"
version = "0.1.0"

[[package]]
name = "pace-ty"
version = "0.1.0"
